
Microsoft Visual Studio Solution File, Format Version 12.00
# Visual Studio 2012
Project("{FAE04EC0-301F-11D3-BF4B-00C04F79EFBC}") = "Duvet", "Duvet\Duvet.csproj", "{C670BB10-789E-4425-97DE-5FA4BB9AF907}"
EndProject
Project("{FAE04EC0-301F-11D3-BF4B-00C04F79EFBC}") = "Duvet.Tests", "Duvet.Tests\Duvet.Tests.csproj", "{65B831AE-EF1D-4830-BBBF-749B493A761D}"
EndProject
Global
	GlobalSection(SolutionConfigurationPlatforms) = preSolution
		Debug|Any CPU = Debug|Any CPU
		Release|Any CPU = Release|Any CPU
	EndGlobalSection
	GlobalSection(ProjectConfigurationPlatforms) = postSolution
		{C670BB10-789E-4425-97DE-5FA4BB9AF907}.Debug|Any CPU.ActiveCfg = Debug|Any CPU
		{C670BB10-789E-4425-97DE-5FA4BB9AF907}.Debug|Any CPU.Build.0 = Debug|Any CPU
		{C670BB10-789E-4425-97DE-5FA4BB9AF907}.Release|Any CPU.ActiveCfg = Release|Any CPU
		{C670BB10-789E-4425-97DE-5FA4BB9AF907}.Release|Any CPU.Build.0 = Release|Any CPU
		{65B831AE-EF1D-4830-BBBF-749B493A761D}.Debug|Any CPU.ActiveCfg = Debug|Any CPU
		{65B831AE-EF1D-4830-BBBF-749B493A761D}.Debug|Any CPU.Build.0 = Debug|Any CPU
		{65B831AE-EF1D-4830-BBBF-749B493A761D}.Release|Any CPU.ActiveCfg = Release|Any CPU
		{65B831AE-EF1D-4830-BBBF-749B493A761D}.Release|Any CPU.Build.0 = Release|Any CPU
	EndGlobalSection
	GlobalSection(SolutionProperties) = preSolution
		HideSolutionNode = FALSE
	EndGlobalSection
EndGlobal
